
Microsoft Visual Studio Solution File, Format Version 12.00
# Visual Studio Version 17
VisualStudioVersion = 17.14.36109.1 d17.14
MinimumVisualStudioVersion = 10.0.40219.1
Project("{FAE04EC0-301F-11D3-BF4B-00C04F79EFBC}") = "BlogApp", "BlogApp.csproj", "{31502D9A-DFC2-498A-AA71-9E1358F1F687}"
EndProject
Global
	GlobalSection(SolutionConfigurationPlatforms) = preSolution
		Debug|Any CPU = Debug|Any CPU
		Release|Any CPU = Release|Any CPU
	EndGlobalSection
	GlobalSection(ProjectConfigurationPlatforms) = postSolution
		{31502D9A-DFC2-498A-AA71-9E1358F1F687}.Debug|Any CPU.ActiveCfg = Debug|Any CPU
		{31502D9A-DFC2-498A-AA71-9E1358F1F687}.Debug|Any CPU.Build.0 = Debug|Any CPU
		{31502D9A-DFC2-498A-AA71-9E1358F1F687}.Release|Any CPU.ActiveCfg = Release|Any CPU
		{31502D9A-DFC2-498A-AA71-9E1358F1F687}.Release|Any CPU.Build.0 = Release|Any CPU
	EndGlobalSection
	GlobalSection(SolutionProperties) = preSolution
		HideSolutionNode = FALSE
	EndGlobalSection
	GlobalSection(ExtensibilityGlobals) = postSolution
		SolutionGuid = {572B4DC7-D11A-4B61-9078-CFF0D303C0D5}
	EndGlobalSection
EndGlobal
